
Microsoft Visual Studio Solution File, Format Version 12.00
# Visual Studio Version 16
VisualStudioVersion = 16.0.31729.503
MinimumVisualStudioVersion = 10.0.40219.1
Project("{FAE04EC0-301F-11D3-BF4B-00C04F79EFBC}") = "HelloWorld_21273468", "HelloWorld_21273468\HelloWorld_21273468.csproj", "{68E88222-E5B0-4EC1-9740-683B5156FB3B}"
EndProject
Global
	GlobalSection(SolutionConfigurationPlatforms) = preSolution
		Debug|Any CPU = Debug|Any CPU
		Release|Any CPU = Release|Any CPU
	EndGlobalSection
	GlobalSection(ProjectConfigurationPlatforms) = postSolution
		{68E88222-E5B0-4EC1-9740-683B5156FB3B}.Debug|Any CPU.ActiveCfg = Debug|Any CPU
		{68E88222-E5B0-4EC1-9740-683B5156FB3B}.Debug|Any CPU.Build.0 = Debug|Any CPU
		{68E88222-E5B0-4EC1-9740-683B5156FB3B}.Release|Any CPU.ActiveCfg = Release|Any CPU
		{68E88222-E5B0-4EC1-9740-683B5156FB3B}.Release|Any CPU.Build.0 = Release|Any CPU
	EndGlobalSection
	GlobalSection(SolutionProperties) = preSolution
		HideSolutionNode = FALSE
	EndGlobalSection
	GlobalSection(ExtensibilityGlobals) = postSolution
		SolutionGuid = {07825BC3-CBFA-40E4-BC48-5C3A4DEE5D93}
	EndGlobalSection
EndGlobal
